# This file is automatically @generated by Cargo.
# It is not intended for manual editing.
version = 4

[[package]]
name = "oxe-cli"
version = "0.0.0"

[[package]]
name = "oxe-core"
version = "0.0.0"

[[package]]
name = "oxe-engines"
version = "0.0.0"

[[package]]
name = "oxe-server"
version = "0.0.0"

[[package]]
name = "oxe-store-sqlite"
version = "0.0.0"
